
Microsoft Visual Studio Solution File, Format Version 12.00
# Visual Studio 15
VisualStudioVersion = 15.0.26228.4
MinimumVisualStudioVersion = 10.0.40219.1
Project("{FAE04EC0-301F-11D3-BF4B-00C04F79EFBC}") = "ProjectManager.BusinessLogic", "ProjectManager.BusinessLogic\ProjectManager.BusinessLogic.csproj", "{46F2FBE7-C1E5-42F9-BFFE-2F696ACDBA1B}"
EndProject
Project("{FAE04EC0-301F-11D3-BF4B-00C04F79EFBC}") = "ProjectManager.DataAccess", "ProjectManager.DataAccess\ProjectManager.DataAccess.csproj", "{105BC370-568C-458A-99B1-D9E8875AE66B}"
EndProject
Project("{FAE04EC0-301F-11D3-BF4B-00C04F79EFBC}") = "ProjectManager.NunitTest", "ProjectManager.NunitTest\ProjectManager.NunitTest.csproj", "{C32CED90-A8DA-44F4-AE7D-97FBAF5ACE7C}"
EndProject
Project("{FAE04EC0-301F-11D3-BF4B-00C04F79EFBC}") = "ProjectManager.PerformanceTest", "ProjectManager.PerformanceTest\ProjectManager.PerformanceTest.csproj", "{6FD699A8-AAE0-4181-A021-29EBB8DAB7AB}"
EndProject
Project("{FAE04EC0-301F-11D3-BF4B-00C04F79EFBC}") = "ProjectManager.ServiceLayer", "ProjectManager.ServiceLayer\ProjectManager.ServiceLayer.csproj", "{118A1470-0E96-4A05-9EB8-E10136DA74CC}"
EndProject
Global
	GlobalSection(SolutionConfigurationPlatforms) = preSolution
		Debug|Any CPU = Debug|Any CPU
		Release|Any CPU = Release|Any CPU
	EndGlobalSection
	GlobalSection(ProjectConfigurationPlatforms) = postSolution
		{46F2FBE7-C1E5-42F9-BFFE-2F696ACDBA1B}.Debug|Any CPU.ActiveCfg = Debug|Any CPU
		{46F2FBE7-C1E5-42F9-BFFE-2F696ACDBA1B}.Debug|Any CPU.Build.0 = Debug|Any CPU
		{46F2FBE7-C1E5-42F9-BFFE-2F696ACDBA1B}.Release|Any CPU.ActiveCfg = Release|Any CPU
		{46F2FBE7-C1E5-42F9-BFFE-2F696ACDBA1B}.Release|Any CPU.Build.0 = Release|Any CPU
		{105BC370-568C-458A-99B1-D9E8875AE66B}.Debug|Any CPU.ActiveCfg = Debug|Any CPU
		{105BC370-568C-458A-99B1-D9E8875AE66B}.Debug|Any CPU.Build.0 = Debug|Any CPU
		{105BC370-568C-458A-99B1-D9E8875AE66B}.Release|Any CPU.ActiveCfg = Release|Any CPU
		{105BC370-568C-458A-99B1-D9E8875AE66B}.Release|Any CPU.Build.0 = Release|Any CPU
		{C32CED90-A8DA-44F4-AE7D-97FBAF5ACE7C}.Debug|Any CPU.ActiveCfg = Debug|Any CPU
		{C32CED90-A8DA-44F4-AE7D-97FBAF5ACE7C}.Debug|Any CPU.Build.0 = Debug|Any CPU
		{C32CED90-A8DA-44F4-AE7D-97FBAF5ACE7C}.Release|Any CPU.ActiveCfg = Release|Any CPU
		{C32CED90-A8DA-44F4-AE7D-97FBAF5ACE7C}.Release|Any CPU.Build.0 = Release|Any CPU
		{6FD699A8-AAE0-4181-A021-29EBB8DAB7AB}.Debug|Any CPU.ActiveCfg = Debug|Any CPU
		{6FD699A8-AAE0-4181-A021-29EBB8DAB7AB}.Debug|Any CPU.Build.0 = Debug|Any CPU
		{6FD699A8-AAE0-4181-A021-29EBB8DAB7AB}.Release|Any CPU.ActiveCfg = Release|Any CPU
		{6FD699A8-AAE0-4181-A021-29EBB8DAB7AB}.Release|Any CPU.Build.0 = Release|Any CPU
		{118A1470-0E96-4A05-9EB8-E10136DA74CC}.Debug|Any CPU.ActiveCfg = Debug|Any CPU
		{118A1470-0E96-4A05-9EB8-E10136DA74CC}.Debug|Any CPU.Build.0 = Debug|Any CPU
		{118A1470-0E96-4A05-9EB8-E10136DA74CC}.Release|Any CPU.ActiveCfg = Release|Any CPU
		{118A1470-0E96-4A05-9EB8-E10136DA74CC}.Release|Any CPU.Build.0 = Release|Any CPU
	EndGlobalSection
	GlobalSection(SolutionProperties) = preSolution
		HideSolutionNode = FALSE
	EndGlobalSection
EndGlobal
